# THIS IS AN AUTOGENERATED FILE. DO NOT EDIT THIS FILE DIRECTLY.
# yarn lockfile v1


"@automerge/automerge-repo-network-websocket@^1.2.1":
  version "1.2.1"
  resolved "https://registry.yarnpkg.com/@automerge/automerge-repo-network-websocket/-/automerge-repo-network-websocket-1.2.1.tgz#1596929fec3f4f1a0f0da7fb4e9350b304d4604e"
  integrity sha512-n4sI6l51iBf0edWtX+vhk+sc8wJL72IVZl682SvzRHakA5CzyNZiC8sVzc142zRT3RDN12jCWGpwA2Voq6EXsQ==
  dependencies:
    "@automerge/automerge-repo" "1.2.1"
    cbor-x "^1.3.0"
    debug "^4.3.4"
    eventemitter3 "^5.0.1"
    isomorphic-ws "^5.0.0"
    ws "^8.7.0"

"@automerge/automerge-repo@1.2.1", "@automerge/automerge-repo@^1.2.1":
  version "1.2.1"
  resolved "https://registry.yarnpkg.com/@automerge/automerge-repo/-/automerge-repo-1.2.1.tgz#73ae042accee275ee74f014f7ddbed6950c77204"
  integrity sha512-uEBr4bM01aSWkEt2tDKQxfW0Pahz2zbTTn4sRJfeKJlAg2SLr4QepFJ+3Tp4CNEkkU485olfnKYf6gt7uilMZQ==
  dependencies:
    "@automerge/automerge" "^2.2.5"
    bs58check "^3.0.1"
    cbor-x "^1.3.0"
    debug "^4.3.4"
    eventemitter3 "^5.0.1"
    fast-sha256 "^1.3.0"
    tiny-typed-emitter "^2.1.0"
    ts-node "^10.9.1"
    uuid "^9.0.0"
    xstate "^5.9.1"

"@automerge/automerge@^2.2.5":
  version "2.2.8"
  resolved "https://registry.yarnpkg.com/@automerge/automerge/-/automerge-2.2.8.tgz#6e33f271b99a652751c1a53048df2a2b2a80dcc2"
  integrity sha512-kP6Z9lIkNeIGe/jhF8SUQAgUMwVjtXCBL0eZEgQGCoWvPNTPcg8fnQco28XkYBrfkkuqiEUAbdHhJmSp0y79ug==
  dependencies:
    uuid "^9.0.0"

"@cbor-extract/cbor-extract-darwin-arm64@2.2.0":
  version "2.2.0"
  resolved "https://registry.yarnpkg.com/@cbor-extract/cbor-extract-darwin-arm64/-/cbor-extract-darwin-arm64-2.2.0.tgz#8d65cb861a99622e1b4a268e2d522d2ec6137338"
  integrity sha512-P7swiOAdF7aSi0H+tHtHtr6zrpF3aAq/W9FXx5HektRvLTM2O89xCyXF3pk7pLc7QpaY7AoaE8UowVf9QBdh3w==

"@cbor-extract/cbor-extract-darwin-x64@2.2.0":
  version "2.2.0"
  resolved "https://registry.yarnpkg.com/@cbor-extract/cbor-extract-darwin-x64/-/cbor-extract-darwin-x64-2.2.0.tgz#9fbec199c888c5ec485a1839f4fad0485ab6c40a"
  integrity sha512-1liF6fgowph0JxBbYnAS7ZlqNYLf000Qnj4KjqPNW4GViKrEql2MgZnAsExhY9LSy8dnvA4C0qHEBgPrll0z0w==

"@cbor-extract/cbor-extract-linux-arm64@2.2.0":
  version "2.2.0"
  resolved "https://registry.yarnpkg.com/@cbor-extract/cbor-extract-linux-arm64/-/cbor-extract-linux-arm64-2.2.0.tgz#bf77e0db4a1d2200a5aa072e02210d5043e953ae"
  integrity sha512-rQvhNmDuhjTVXSPFLolmQ47/ydGOFXtbR7+wgkSY0bdOxCFept1hvg59uiLPT2fVDuJFuEy16EImo5tE2x3RsQ==

"@cbor-extract/cbor-extract-linux-arm@2.2.0":
  version "2.2.0"
  resolved "https://registry.yarnpkg.com/@cbor-extract/cbor-extract-linux-arm/-/cbor-extract-linux-arm-2.2.0.tgz#491335037eb8533ed8e21b139c59f6df04e39709"
  integrity sha512-QeBcBXk964zOytiedMPQNZr7sg0TNavZeuUCD6ON4vEOU/25+pLhNN6EDIKJ9VLTKaZ7K7EaAriyYQ1NQ05s/Q==

"@cbor-extract/cbor-extract-linux-x64@2.2.0":
  version "2.2.0"
  resolved "https://registry.yarnpkg.com/@cbor-extract/cbor-extract-linux-x64/-/cbor-extract-linux-x64-2.2.0.tgz#672574485ccd24759bf8fb8eab9dbca517d35b97"
  integrity sha512-cWLAWtT3kNLHSvP4RKDzSTX9o0wvQEEAj4SKvhWuOVZxiDAeQazr9A+PSiRILK1VYMLeDml89ohxCnUNQNQNCw==

"@cbor-extract/cbor-extract-win32-x64@2.2.0":
  version "2.2.0"
  resolved "https://registry.yarnpkg.com/@cbor-extract/cbor-extract-win32-x64/-/cbor-extract-win32-x64-2.2.0.tgz#4b3f07af047f984c082de34b116e765cb9af975f"
  integrity sha512-l2M+Z8DO2vbvADOBNLbbh9y5ST1RY5sqkWOg/58GkUPBYou/cuNZ68SGQ644f1CvZ8kcOxyZtw06+dxWHIoN/w==

"@cspotcode/source-map-support@^0.8.0":
  version "0.8.1"
  resolved "https://registry.yarnpkg.com/@cspotcode/source-map-support/-/source-map-support-0.8.1.tgz#00629c35a688e05a88b1cda684fb9d5e73f000a1"
  integrity sha512-IchNf6dN4tHoMFIn/7OE8LWZ19Y6q/67Bmf6vnGREv8RSbBVb9LPJxEcnwrcwX6ixSvaiGoomAUvu4YSxXrVgw==
  dependencies:
    "@jridgewell/trace-mapping" "0.3.9"

"@jridgewell/resolve-uri@^3.0.3":
  version "3.1.2"
  resolved "https://registry.yarnpkg.com/@jridgewell/resolve-uri/-/resolve-uri-3.1.2.tgz#7a0ee601f60f99a20c7c7c5ff0c80388c1189bd6"
  integrity sha512-bRISgCIjP20/tbWSPWMEi54QVPRZExkuD9lJL+UIxUKtwVJA8wW1Trb1jMs1RFXo1CBTNZ/5hpC9QvmKWdopKw==

"@jridgewell/sourcemap-codec@^1.4.10":
  version "1.5.0"
  resolved "https://registry.yarnpkg.com/@jridgewell/sourcemap-codec/-/sourcemap-codec-1.5.0.tgz#3188bcb273a414b0d215fd22a58540b989b9409a"
  integrity sha512-gv3ZRaISU3fjPAgNsriBRqGWQL6quFx04YMPW/zD8XMLsU32mhCCbfbO6KZFLjvYpCZ8zyDEgqsgf+PwPaM7GQ==

"@jridgewell/trace-mapping@0.3.9":
  version "0.3.9"
  resolved "https://registry.yarnpkg.com/@jridgewell/trace-mapping/-/trace-mapping-0.3.9.tgz#6534fd5933a53ba7cbf3a17615e273a0d1273ff9"
  integrity sha512-3Belt6tdc8bPgAtbcmdtNJlirVoTmEb5e2gC94PnkwEW9jI6CAHUeoG85tjWP5WquqfavoMtMwiG4P926ZKKuQ==
  dependencies:
    "@jridgewell/resolve-uri" "^3.0.3"
    "@jridgewell/sourcemap-codec" "^1.4.10"

"@noble/hashes@^1.2.0":
  version "1.7.0"
  resolved "https://registry.yarnpkg.com/@noble/hashes/-/hashes-1.7.0.tgz#5d9e33af2c7d04fee35de1519b80c958b2e35e39"
  integrity sha512-HXydb0DgzTpDPwbVeDGCG1gIu7X6+AuU6Zl6av/E/KG8LMsvPntvq+w17CHRpKBmN6Ybdrt1eP3k4cj8DJa78w==

"@tsconfig/node10@^1.0.7":
  version "1.0.11"
  resolved "https://registry.yarnpkg.com/@tsconfig/node10/-/node10-1.0.11.tgz#6ee46400685f130e278128c7b38b7e031ff5b2f2"
  integrity sha512-DcRjDCujK/kCk/cUe8Xz8ZSpm8mS3mNNpta+jGCA6USEDfktlNvm1+IuZ9eTcDbNk41BHwpHHeW+N1lKCz4zOw==

"@tsconfig/node12@^1.0.7":
  version "1.0.11"
  resolved "https://registry.yarnpkg.com/@tsconfig/node12/-/node12-1.0.11.tgz#ee3def1f27d9ed66dac6e46a295cffb0152e058d"
  integrity sha512-cqefuRsh12pWyGsIoBKJA9luFu3mRxCA+ORZvA4ktLSzIuCUtWVxGIuXigEwO5/ywWFMZ2QEGKWvkZG1zDMTag==

"@tsconfig/node14@^1.0.0":
  version "1.0.3"
  resolved "https://registry.yarnpkg.com/@tsconfig/node14/-/node14-1.0.3.tgz#e4386316284f00b98435bf40f72f75a09dabf6c1"
  integrity sha512-ysT8mhdixWK6Hw3i1V2AeRqZ5WfXg1G43mqoYlM2nc6388Fq5jcXyr5mRsqViLx/GJYdoL0bfXD8nmF+Zn/Iow==

"@tsconfig/node16@^1.0.2":
  version "1.0.4"
  resolved "https://registry.yarnpkg.com/@tsconfig/node16/-/node16-1.0.4.tgz#0b92dcc0cc1c81f6f306a381f28e31b1a56536e9"
  integrity sha512-vxhUy4J8lyeyinH7Azl1pdd43GJhZH/tP2weN8TntQblOY+A0XbT8DJk1/oCPuOOyg/Ja757rG0CgHcWC8OfMA==

acorn-walk@^8.1.1:
  version "8.3.4"
  resolved "https://registry.yarnpkg.com/acorn-walk/-/acorn-walk-8.3.4.tgz#794dd169c3977edf4ba4ea47583587c5866236b7"
  integrity sha512-ueEepnujpqee2o5aIYnvHU6C0A42MNdsIDeqy5BydrkuC5R1ZuUFnm27EeFJGoEHJQgn3uleRvmTXaJgfXbt4g==
  dependencies:
    acorn "^8.11.0"

acorn@^8.11.0, acorn@^8.4.1:
  version "8.14.0"
  resolved "https://registry.yarnpkg.com/acorn/-/acorn-8.14.0.tgz#063e2c70cac5fb4f6467f0b11152e04c682795b0"
  integrity sha512-cl669nCJTZBsL97OF4kUQm5g5hC2uihk0NxY3WENAC0TYdILVkAyHymAntgxGkl7K+t0cXIrH5siy5S4XkFycA==

arg@^4.1.0:
  version "4.1.3"
  resolved "https://registry.yarnpkg.com/arg/-/arg-4.1.3.tgz#269fc7ad5b8e42cb63c896d5666017261c144089"
  integrity sha512-58S9QDqG0Xx27YwPSt9fJxivjYl432YCwfDMfZ+71RAqUrZef7LrKQZ3LHLOwCS4FLNBplP533Zx895SeOCHvA==

base-x@^4.0.0:
  version "4.0.0"
  resolved "https://registry.yarnpkg.com/base-x/-/base-x-4.0.0.tgz#d0e3b7753450c73f8ad2389b5c018a4af7b2224a"
  integrity sha512-FuwxlW4H5kh37X/oW59pwTzzTKRzfrrQwhmyspRM7swOEZcHtDZSCt45U6oKgtuFE+WYPblePMVIPR4RZrh/hw==

binaryextensions@^6.11.0:
  version "6.11.0"
  resolved "https://registry.yarnpkg.com/binaryextensions/-/binaryextensions-6.11.0.tgz#c36b3e6b5c59e621605709b099cda8dda824cc72"
  integrity sha512-sXnYK/Ij80TO3lcqZVV2YgfKN5QjUWIRk/XSm2J/4bd/lPko3lvk0O4ZppH6m+6hB2/GTu+ptNwVFe1xh+QLQw==
  dependencies:
    editions "^6.21.0"

bs58@^5.0.0:
  version "5.0.0"
  resolved "https://registry.yarnpkg.com/bs58/-/bs58-5.0.0.tgz#865575b4d13c09ea2a84622df6c8cbeb54ffc279"
  integrity sha512-r+ihvQJvahgYT50JD05dyJNKlmmSlMoOGwn1lCcEzanPglg7TxYjioQUYehQ9mAR/+hOSd2jRc/Z2y5UxBymvQ==
  dependencies:
    base-x "^4.0.0"

bs58check@^3.0.1:
  version "3.0.1"
  resolved "https://registry.yarnpkg.com/bs58check/-/bs58check-3.0.1.tgz#2094d13720a28593de1cba1d8c4e48602fdd841c"
  integrity sha512-hjuuJvoWEybo7Hn/0xOrczQKKEKD63WguEjlhLExYs2wUBcebDC1jDNK17eEAD2lYfw82d5ASC1d7K3SWszjaQ==
  dependencies:
    "@noble/hashes" "^1.2.0"
    bs58 "^5.0.0"

cbor-extract@^2.2.0:
  version "2.2.0"
  resolved "https://registry.yarnpkg.com/cbor-extract/-/cbor-extract-2.2.0.tgz#cee78e630cbeae3918d1e2e58e0cebaf3a3be840"
  integrity sha512-Ig1zM66BjLfTXpNgKpvBePq271BPOvu8MR0Jl080yG7Jsl+wAZunfrwiwA+9ruzm/WEdIV5QF/bjDZTqyAIVHA==
  dependencies:
    node-gyp-build-optional-packages "5.1.1"
  optionalDependencies:
    "@cbor-extract/cbor-extract-darwin-arm64" "2.2.0"
    "@cbor-extract/cbor-extract-darwin-x64" "2.2.0"
    "@cbor-extract/cbor-extract-linux-arm" "2.2.0"
    "@cbor-extract/cbor-extract-linux-arm64" "2.2.0"
    "@cbor-extract/cbor-extract-linux-x64" "2.2.0"
    "@cbor-extract/cbor-extract-win32-x64" "2.2.0"

cbor-x@^1.3.0:
  version "1.6.0"
  resolved "https://registry.yarnpkg.com/cbor-x/-/cbor-x-1.6.0.tgz#89c35d2d805efc30e09a28349425cc05d57aacd7"
  integrity sha512-0kareyRwHSkL6ws5VXHEf8uY1liitysCVJjlmhaLG+IXLqhSaOO+t63coaso7yjwEzWZzLy8fJo06gZDVQM9Qg==
  optionalDependencies:
    cbor-extract "^2.2.0"

create-require@^1.1.0:
  version "1.1.1"
  resolved "https://registry.yarnpkg.com/create-require/-/create-require-1.1.1.tgz#c1d7e8f1e5f6cfc9ff65f9cd352d37348756c333"
  integrity sha512-dcKFX3jn0MpIaXjisoRvexIJVEKzaq7z2rZKxf+MSr9TkdmHmsU4m2lcLojrj/FHl8mk5VxMmYA+ftRkP/3oKQ==

debug@^4.3.4:
  version "4.4.0"
  resolved "https://registry.yarnpkg.com/debug/-/debug-4.4.0.tgz#2b3f2aea2ffeb776477460267377dc8710faba8a"
  integrity sha512-6WTZ/IxCY/T6BALoZHaE4ctp9xm+Z5kY/pzYaCHRFeyVhojxlrm+46y68HA6hr0TcwEssoxNiDEUJQjfPZ/RYA==
  dependencies:
    ms "^2.1.3"

detect-libc@^2.0.1:
  version "2.0.3"
  resolved "https://registry.yarnpkg.com/detect-libc/-/detect-libc-2.0.3.tgz#f0cd503b40f9939b894697d19ad50895e30cf700"
  integrity sha512-bwy0MGW55bG41VqxxypOsdSdGqLwXPI/focwgTYCFMbdUiBAxLg9CFzG08sz2aqzknwiX7Hkl0bQENjg8iLByw==

diff@^4.0.1:
  version "4.0.2"
  resolved "https://registry.yarnpkg.com/diff/-/diff-4.0.2.tgz#60f3aecb89d5fae520c11aa19efc2bb982aade7d"
  integrity sha512-58lmxKSA4BNyLz+HHMUzlOEpg09FV+ev6ZMe3vJihgdxzgcwZ8VoEEPmALCZG9LmqfVoNMMKpttIYTVG6uDY7A==

editions@^6.21.0:
  version "6.21.0"
  resolved "https://registry.yarnpkg.com/editions/-/editions-6.21.0.tgz#8da2d85611106e0891a72619b7bee8e0c830089b"
  integrity sha512-ofkXJtn7z0urokN62DI3SBo/5xAtF0rR7tn+S/bSYV79Ka8pTajIIl+fFQ1q88DQEImymmo97M4azY3WX/nUdg==
  dependencies:
    version-range "^4.13.0"

eventemitter3@^5.0.1:
  version "5.0.1"
  resolved "https://registry.yarnpkg.com/eventemitter3/-/eventemitter3-5.0.1.tgz#53f5ffd0a492ac800721bb42c66b841de96423c4"
  integrity sha512-GWkBvjiSZK87ELrYOSESUYeVIc9mvLLf/nXalMOS5dYrgZq9o5OVkbZAVM06CVxYsCwH9BDZFPlQTlPA1j4ahA==

fast-sha256@^1.3.0:
  version "1.3.0"
  resolved "https://registry.yarnpkg.com/fast-sha256/-/fast-sha256-1.3.0.tgz#7916ba2054eeb255982608cccd0f6660c79b7ae6"
  integrity sha512-n11RGP/lrWEFI/bWdygLxhI+pVeo1ZYIVwvvPkW7azl/rOy+F3HYRZ2K5zeE9mmkhQppyv9sQFx0JM9UabnpPQ==

isbinaryfile@^5.0.4:
  version "5.0.4"
  resolved "https://registry.yarnpkg.com/isbinaryfile/-/isbinaryfile-5.0.4.tgz#2a2edefa76cafa66613fe4c1ea52f7f031017bdf"
  integrity sha512-YKBKVkKhty7s8rxddb40oOkuP0NbaeXrQvLin6QMHL7Ypiy2RW9LwOVrVgZRyOrhQlayMd9t+D8yDy8MKFTSDQ==

isomorphic-ws@^5.0.0:
  version "5.0.0"
  resolved "https://registry.yarnpkg.com/isomorphic-ws/-/isomorphic-ws-5.0.0.tgz#e5529148912ecb9b451b46ed44d53dae1ce04bbf"
  integrity sha512-muId7Zzn9ywDsyXgTIafTry2sV3nySZeUDe6YedVd1Hvuuep5AsIlqK+XefWpYTyJG5e503F2xIuT2lcU6rCSw==

istextorbinary@^9.5.0:
  version "9.5.0"
  resolved "https://registry.yarnpkg.com/istextorbinary/-/istextorbinary-9.5.0.tgz#e6e13febf1c1685100ae264809a4f8f46e01dfd3"
  integrity sha512-5mbUj3SiZXCuRf9fT3ibzbSSEWiy63gFfksmGfdOzujPjW3k+z8WvIBxcJHBoQNlaZaiyB25deviif2+osLmLw==
  dependencies:
    binaryextensions "^6.11.0"
    editions "^6.21.0"
    textextensions "^6.11.0"

make-error@^1.1.1:
  version "1.3.6"
  resolved "https://registry.yarnpkg.com/make-error/-/make-error-1.3.6.tgz#2eb2e37ea9b67c4891f684a1394799af484cf7a2"
  integrity sha512-s8UhlNe7vPKomQhC1qFelMokr/Sc3AgNbso3n74mVPA5LTZwkB9NlXf4XPamLxJE8h0gh73rM94xvwRT2CVInw==

ms@^2.1.3:
  version "2.1.3"
  resolved "https://registry.yarnpkg.com/ms/-/ms-2.1.3.tgz#574c8138ce1d2b5861f0b44579dbadd60c6615b2"
  integrity sha512-6FlzubTLZG3J2a/NVCAleEhjzq5oxgHyaCU9yYXvcLsvoVaHJq/s5xXI6/XXP6tz7R9xAOtHnSO/tXtF3WRTlA==

node-gyp-build-optional-packages@5.1.1:
  version "5.1.1"
  resolved "https://registry.yarnpkg.com/node-gyp-build-optional-packages/-/node-gyp-build-optional-packages-5.1.1.tgz#52b143b9dd77b7669073cbfe39e3f4118bfc603c"
  integrity sha512-+P72GAjVAbTxjjwUmwjVrqrdZROD4nf8KgpBoDxqXXTiYZZt/ud60dE5yvCSr9lRO8e8yv6kgJIC0K0PfZFVQw==
  dependencies:
    detect-libc "^2.0.1"

textextensions@^6.11.0:
  version "6.11.0"
  resolved "https://registry.yarnpkg.com/textextensions/-/textextensions-6.11.0.tgz#864535d09f49026150c96f0b0d79f1fa0869db15"
  integrity sha512-tXJwSr9355kFJI3lbCkPpUH5cP8/M0GGy2xLO34aZCjMXBaK3SoPnZwr/oWmo1FdCnELcs4npdCIOFtq9W3ruQ==
  dependencies:
    editions "^6.21.0"

tiny-typed-emitter@^2.1.0:
  version "2.1.0"
  resolved "https://registry.yarnpkg.com/tiny-typed-emitter/-/tiny-typed-emitter-2.1.0.tgz#b3b027fdd389ff81a152c8e847ee2f5be9fad7b5"
  integrity sha512-qVtvMxeXbVej0cQWKqVSSAHmKZEHAvxdF8HEUBFWts8h+xEo5m/lEiPakuyZ3BnCBjOD8i24kzNOiOLLgsSxhA==

ts-node@^10.9.1:
  version "10.9.2"
  resolved "https://registry.yarnpkg.com/ts-node/-/ts-node-10.9.2.tgz#70f021c9e185bccdca820e26dc413805c101c71f"
  integrity sha512-f0FFpIdcHgn8zcPSbf1dRevwt047YMnaiJM3u2w2RewrB+fob/zePZcrOyQoLMMO7aBIddLcQIEK5dYjkLnGrQ==
  dependencies:
    "@cspotcode/source-map-support" "^0.8.0"
    "@tsconfig/node10" "^1.0.7"
    "@tsconfig/node12" "^1.0.7"
    "@tsconfig/node14" "^1.0.0"
    "@tsconfig/node16" "^1.0.2"
    acorn "^8.4.1"
    acorn-walk "^8.1.1"
    arg "^4.1.0"
    create-require "^1.1.0"
    diff "^4.0.1"
    make-error "^1.1.1"
    v8-compile-cache-lib "^3.0.1"
    yn "3.1.1"

uuid@^9.0.0:
  version "9.0.1"
  resolved "https://registry.yarnpkg.com/uuid/-/uuid-9.0.1.tgz#e188d4c8853cc722220392c424cd637f32293f30"
  integrity sha512-b+1eJOlsR9K8HJpow9Ok3fiWOWSIcIzXodvv0rQjVoOVNpWMpxf1wZNpt4y9h10odCNrqnYp1OBzRktckBe3sA==

v8-compile-cache-lib@^3.0.1:
  version "3.0.1"
  resolved "https://registry.yarnpkg.com/v8-compile-cache-lib/-/v8-compile-cache-lib-3.0.1.tgz#6336e8d71965cb3d35a1bbb7868445a7c05264bf"
  integrity sha512-wa7YjyUGfNZngI/vtK0UHAN+lgDCxBPCylVXGp0zu59Fz5aiGtNXaq3DhIov063MorB+VfufLh3JlF2KdTK3xg==

version-range@^4.13.0:
  version "4.14.0"
  resolved "https://registry.yarnpkg.com/version-range/-/version-range-4.14.0.tgz#91c12e4665756a9101d1af43faeda399abe0edec"
  integrity sha512-gjb0ARm9qlcBAonU4zPwkl9ecKkas+tC2CGwFfptTCWWIVTWY1YUbT2zZKsOAF1jR/tNxxyLwwG0cb42XlYcTg==

ws@^8.7.0:
  version "8.18.0"
  resolved "https://registry.yarnpkg.com/ws/-/ws-8.18.0.tgz#0d7505a6eafe2b0e712d232b42279f53bc289bbc"
  integrity sha512-8VbfWfHLbbwu3+N6OKsOMpBdT4kXPDDB9cJk2bJ6mh9ucxdlnNvH1e+roYkKmN9Nxw2yjz7VzeO9oOz2zJ04Pw==

xstate@^5.9.1:
  version "5.19.2"
  resolved "https://registry.yarnpkg.com/xstate/-/xstate-5.19.2.tgz#db3f1ee614bbb6a49ad3f0c96ddbf98562d456ba"
  integrity sha512-B8fL2aP0ogn5aviAXFzI5oZseAMqN00fg/TeDa3ZtatyDcViYLIfuQl4y8qmHCiKZgGEzmnTyNtNQL9oeJE2gw==

yn@3.1.1:
  version "3.1.1"
  resolved "https://registry.yarnpkg.com/yn/-/yn-3.1.1.tgz#1e87401a09d767c1d5eab26a6e4c185182d2eb50"
  integrity sha512-Ux4ygGWsu2c7isFWe8Yu1YluJmqVhxqK2cLXNQA5AcC3QfbGNpM7fu0Y8b/z16pXLnFxZYvWhd3fhBY9DLmC6Q==
